<?xml version="1.0" encoding="utf-8"?>
<Project xmlns="http://schemas.microsoft.com/developer/msbuild/2003">
  <ItemGroup>
    <Filter Include="Form Files">
      <UniqueIdentifier>{99349809-55BA-4b9d-BF79-8FDBB0286EB3}</UniqueIdentifier>
      <Extensions>ui</Extensions>
      <ParseFiles>false</ParseFiles>
    </Filter>
    <Filter Include="Form Files">
      <UniqueIdentifier>{99349809-55BA-4b9d-BF79-8FDBB0286EB3}</UniqueIdentifier>
      <Extensions>ui</Extensions>
      <ParseFiles>false</ParseFiles>
    </Filter>
    <Filter Include="Generated Files">
      <UniqueIdentifier>{71ED8ED8-ACB9-4CE9-BBE1-E00B30144E11}</UniqueIdentifier>
      <Extensions>cpp;c;cxx;moc;h;def;odl;idl;res;</Extensions>
    </Filter>
    <Filter Include="Generated Files">
      <UniqueIdentifier>{71ED8ED8-ACB9-4CE9-BBE1-E00B30144E11}</UniqueIdentifier>
      <Extensions>cpp;c;cxx;moc;h;def;odl;idl;res;</Extensions>
    </Filter>
    <Filter Include="Header Files">
      <UniqueIdentifier>{93995380-89BD-4b04-88EB-625FBE52EBFB}</UniqueIdentifier>
      <Extensions>h;hpp;hxx;hm;inl;inc;xsd</Extensions>
    </Filter>
    <Filter Include="Header Files">
      <UniqueIdentifier>{93995380-89BD-4b04-88EB-625FBE52EBFB}</UniqueIdentifier>
      <Extensions>h;hpp;hxx;hm;inl;inc;xsd</Extensions>
    </Filter>
    <Filter Include="Resource Files">
      <UniqueIdentifier>{D9D6E242-F8AF-46E4-B9FD-80ECBC20BA3E}</UniqueIdentifier>
      <Extensions>qrc;*</Extensions>
      <ParseFiles>false</ParseFiles>
    </Filter>
    <Filter Include="Resource Files">
      <UniqueIdentifier>{D9D6E242-F8AF-46E4-B9FD-80ECBC20BA3E}</UniqueIdentifier>
      <Extensions>qrc;*</Extensions>
      <ParseFiles>false</ParseFiles>
    </Filter>
    <Filter Include="Source Files">
      <UniqueIdentifier>{4FC737F1-C7A5-4376-A066-2A32D752A2FF}</UniqueIdentifier>
      <Extensions>cpp;c;cxx;def;odl;idl;hpj;bat;asm;asmx</Extensions>
    </Filter>
    <Filter Include="Source Files">
      <UniqueIdentifier>{4FC737F1-C7A5-4376-A066-2A32D752A2FF}</UniqueIdentifier>
      <Extensions>cpp;c;cxx;def;odl;idl;hpj;bat;asm;asmx</Extensions>
    </Filter>
  </ItemGroup>
  <ItemGroup>
    <ClCompile Include="src\model\communication\Action.cpp">
      <Filter>Source Files</Filter>
    </ClCompile>
    <ClCompile Include="src\model\game\ActionTypeMismatchException.cpp">
      <Filter>Source Files</Filter>
    </ClCompile>
    <ClCompile Include="src\model\game\player\ai\AiAlgorithm.cpp">
      <Filter>Source Files</Filter>
    </ClCompile>
    <ClCompile Include="src\model\game\player\ai\AlphaBetaPrunningAlg.cpp">
      <Filter>Source Files</Filter>
    </ClCompile>
    <ClCompile Include="src\controller\AppCleaner.cpp">
      <Filter>Source Files</Filter>
    </ClCompile>
    <ClCompile Include="src\model\game\BoardField.cpp">
      <Filter>Source Files</Filter>
    </ClCompile>
    <ClCompile Include="src\model\game\player\ComputerPlayer.cpp">
      <Filter>Source Files</Filter>
    </ClCompile>
    <ClCompile Include="src\tools\logging\ConsoleLoggingPolicy.cpp">
      <Filter>Source Files</Filter>
    </ClCompile>
    <ClCompile Include="src\model\game\player\ai\EvalFnCheckersArrangement.cpp">
      <Filter>Source Files</Filter>
    </ClCompile>
    <ClCompile Include="src\model\game\player\ai\EvalFnGenericLambda.cpp">
      <Filter>Source Files</Filter>
    </ClCompile>
    <ClCompile Include="src\model\game\player\ai\EvalFnLeftCheckersDiff.cpp">
      <Filter>Source Files</Filter>
    </ClCompile>
    <ClCompile Include="src\model\game\player\ai\EvalFnLeftCheckersDiffAndMorris.cpp">
      <Filter>Source Files</Filter>
    </ClCompile>
    <ClCompile Include="src\model\game\player\ai\EvalFunction.cpp">
      <Filter>Source Files</Filter>
    </ClCompile>
    <ClCompile Include="src\tools\logging\FileLoggingPolicy.cpp">
      <Filter>Source Files</Filter>
    </ClCompile>
    <ClCompile Include="src\model\game\GameBoard.cpp">
      <Filter>Source Files</Filter>
    </ClCompile>
    <ClCompile Include="src\model\game\GameManager.cpp">
      <Filter>Source Files</Filter>
    </ClCompile>
    <ClCompile Include="src\model\game\GameState.cpp">
      <Filter>Source Files</Filter>
    </ClCompile>
    <ClCompile Include="src\tools\logging\GuiLogBoxLoggingPolicy.cpp">
      <Filter>Source Files</Filter>
    </ClCompile>
    <ClCompile Include="src\model\game\player\HumanPlayer.cpp">
      <Filter>Source Files</Filter>
    </ClCompile>
    <ClCompile Include="src\tools\logging\Logger.cpp">
      <Filter>Source Files</Filter>
    </ClCompile>
    <ClCompile Include="src\tools\logging\LoggingPolicy.cpp">
      <Filter>Source Files</Filter>
    </ClCompile>
    <ClCompile Include="src\view\MainWindow.cpp">
      <Filter>Source Files</Filter>
    </ClCompile>
    <ClCompile Include="src\controller\MasterController.cpp">
      <Filter>Source Files</Filter>
    </ClCompile>
    <ClCompile Include="src\model\game\player\ai\MinMaxAlg.cpp">
      <Filter>Source Files</Filter>
    </ClCompile>
    <ClCompile Include="src\model\game\NineMensMorris.cpp">
      <Filter>Source Files</Filter>
    </ClCompile>
    <ClCompile Include="src\model\game\player\Player.cpp">
      <Filter>Source Files</Filter>
    </ClCompile>
    <ClCompile Include="src\model\game\player\PlayerColor.cpp">
      <Filter>Source Files</Filter>
    </ClCompile>
    <ClCompile Include="src\model\game\player\PlayerFactory.cpp">
      <Filter>Source Files</Filter>
    </ClCompile>
    <ClCompile Include="src\model\game\player\PlayerInfo.cpp">
      <Filter>Source Files</Filter>
    </ClCompile>
    <ClCompile Include="src\view\StyleProvider.cpp">
      <Filter>Source Files</Filter>
    </ClCompile>
    <ClCompile Include="src\model\game\UnsupportedActionType.cpp">
      <Filter>Source Files</Filter>
    </ClCompile>
    <ClCompile Include="src\main.cpp">
      <Filter>Source Files</Filter>
    </ClCompile>
  </ItemGroup>
  <ItemGroup>
    <ClInclude Include="src\model\communication\Action.hpp">
      <Filter>Header Files</Filter>
    </ClInclude>
    <ClInclude Include="src\model\communication\ActionType.hpp">
      <Filter>Header Files</Filter>
    </ClInclude>
    <ClInclude Include="src\model\game\ActionTypeMismatchException.hpp">
      <Filter>Header Files</Filter>
    </ClInclude>
    <ClInclude Include="src\model\game\player\ai\AiAlgorithm.hpp">
      <Filter>Header Files</Filter>
    </ClInclude>
    <ClInclude Include="src\model\game\player\ai\AlphaBetaPrunningAlg.hpp">
      <Filter>Header Files</Filter>
    </ClInclude>
    <QtMoc Include="src\controller\AppCleaner.hpp">
      <Filter>Header Files</Filter>
    </QtMoc>
    <ClInclude Include="src\model\game\BoardField.hpp">
      <Filter>Header Files</Filter>
    </ClInclude>
    <ClInclude Include="src\view\CheckerType.hpp">
      <Filter>Header Files</Filter>
    </ClInclude>
    <ClInclude Include="src\model\game\player\ComputerPlayer.hpp">
      <Filter>Header Files</Filter>
    </ClInclude>
    <ClInclude Include="src\tools\logging\ConsoleLoggingPolicy.hpp">
      <Filter>Header Files</Filter>
    </ClInclude>
    <ClInclude Include="src\model\game\player\ai\EvalFnCheckersArrangement.hpp">
      <Filter>Header Files</Filter>
    </ClInclude>
    <ClInclude Include="src\model\game\player\ai\EvalFnGenericLambda.hpp">
      <Filter>Header Files</Filter>
    </ClInclude>
    <ClInclude Include="src\model\game\player\ai\EvalFnLeftCheckersDiff.hpp">
      <Filter>Header Files</Filter>
    </ClInclude>
    <ClInclude Include="src\model\game\player\ai\EvalFnLeftCheckersDiffAndMorris.hpp">
      <Filter>Header Files</Filter>
    </ClInclude>
    <ClInclude Include="src\model\game\player\ai\EvalFunction.hpp">
      <Filter>Header Files</Filter>
    </ClInclude>
    <ClInclude Include="src\tools\logging\FileLoggingPolicy.hpp">
      <Filter>Header Files</Filter>
    </ClInclude>
    <ClInclude Include="src\model\game\GameBoard.hpp">
      <Filter>Header Files</Filter>
    </ClInclude>
    <ClInclude Include="src\model\game\GameManager.hpp">
      <Filter>Header Files</Filter>
    </ClInclude>
    <ClInclude Include="src\model\game\GameState.hpp">
      <Filter>Header Files</Filter>
    </ClInclude>
    <ClInclude Include="src\tools\logging\GuiLogBoxLoggingPolicy.cpp">
      <Filter>Header Files</Filter>
    </ClInclude>
    <ClInclude Include="src\model\game\player\HumanPlayer.hpp">
      <Filter>Header Files</Filter>
    </ClInclude>
    <ClInclude Include="src\tools\logging\Logger.hpp">
      <Filter>Header Files</Filter>
    </ClInclude>
    <ClInclude Include="src\tools\logging\LoggingPolicy.hpp">
      <Filter>Header Files</Filter>
    </ClInclude>
    <QtMoc Include="src\view\MainWindow.h">
      <Filter>Header Files</Filter>
    </QtMoc>
    <ClInclude Include="src\controller\MasterController.hpp">
      <Filter>Header Files</Filter>
    </ClInclude>
    <ClInclude Include="src\model\game\player\ai\MinMaxAlg.hpp">
      <Filter>Header Files</Filter>
    </ClInclude>
    <ClInclude Include="src\model\game\Move.hpp">
      <Filter>Header Files</Filter>
    </ClInclude>
    <ClInclude Include="src\model\game\NineMensMorris.hpp">
      <Filter>Header Files</Filter>
    </ClInclude>
    <ClInclude Include="src\model\game\player\Player.hpp">
      <Filter>Header Files</Filter>
    </ClInclude>
    <ClInclude Include="src\model\game\player\PlayerColor.hpp">
      <Filter>Header Files</Filter>
    </ClInclude>
    <ClInclude Include="src\model\game\player\PlayerFactory.hpp">
      <Filter>Header Files</Filter>
    </ClInclude>
    <ClInclude Include="src\model\game\player\PlayerInfo.hpp">
      <Filter>Header Files</Filter>
    </ClInclude>
    <ClInclude Include="src\view\StyleProvider.hpp">
      <Filter>Header Files</Filter>
    </ClInclude>
    <ClInclude Include="src\model\game\UnsupportedActionType.hpp">
      <Filter>Header Files</Filter>
    </ClInclude>
  </ItemGroup>
  <ItemGroup>
    
    
    
    
    <CustomBuild Include="debug\moc_predefs.h.cbt">
      <Filter>Generated Files</Filter>
    </CustomBuild>
    <CustomBuild Include="release\moc_predefs.h.cbt">
      <Filter>Generated Files</Filter>
    </CustomBuild>
    
    
    
  </ItemGroup>
  <ItemGroup>
    <QtUic Include="ui\MainWindow.ui">
      <Filter>Form Files</Filter>
    </QtUic>
  </ItemGroup>
  <ItemGroup>
    <None Include="resources\images\black_piece.png">
      <Filter>Resource Files</Filter>
    </None>
    <QtRcc Include="resources\image_resources.qrc">
      <Filter>Resource Files</Filter>
    </QtRcc>
    <None Include="resources\images\nms_3.png">
      <Filter>Resource Files</Filter>
    </None>
    <None Include="resources\images\white_piece.png">
      <Filter>Resource Files</Filter>
    </None>
  </ItemGroup>
</Project>