
Microsoft Visual Studio Solution File, Format Version 12.00
# Visual Studio Version 16
VisualStudioVersion = 16.0.29418.71
MinimumVisualStudioVersion = 10.0.40219.1
Project("{8BC9CEB8-8B4A-11D0-8D11-00A0C91BC942}") = "nine_mens_morris", "nine_mens_morris.vcxproj", "{990CDAAD-109B-3B3A-AE72-BC2BFD6ED921}"
EndProject
Global
	GlobalSection(SolutionConfigurationPlatforms) = preSolution
		Debug|x64 = Debug|x64
		Release|x64 = Release|x64
	EndGlobalSection
	GlobalSection(ProjectConfigurationPlatforms) = postSolution
		{990CDAAD-109B-3B3A-AE72-BC2BFD6ED921}.Debug|x64.ActiveCfg = Debug|x64
		{990CDAAD-109B-3B3A-AE72-BC2BFD6ED921}.Debug|x64.Build.0 = Debug|x64
		{990CDAAD-109B-3B3A-AE72-BC2BFD6ED921}.Release|x64.ActiveCfg = Release|x64
		{990CDAAD-109B-3B3A-AE72-BC2BFD6ED921}.Release|x64.Build.0 = Release|x64
	EndGlobalSection
	GlobalSection(SolutionProperties) = preSolution
		HideSolutionNode = FALSE
	EndGlobalSection
	GlobalSection(ExtensibilityGlobals) = postSolution
		SolutionGuid = {44B4FFA4-DA20-40B7-BF6F-30A1AB8EFD48}
	EndGlobalSection
EndGlobal
